github.com/alexgorbatchev/cobra-help-tree v1.1.0 h1:CtKIG6p2S1LptDLRh1ZCcaj1E1XseEvU/1bi822RiAY=
github.com/alexgorbatchev/cobra-help-tree v1.1.0/go.mod h1:l0Hv9bKEyt8mAucPP76MUarRMb3KbqqbohZsccF2jEY=
github.com/alexgorbatchev/go-remarkable-cloud v0.0.0-20260929000653-3ac8775c24ed h1:5aV9feDwVYH2JNhahIzmIuyLD+k6ZpzPwqzOp1Ns4eU=
github.com/alexgorbatchev/go-remarkable-cloud v0.0.0-20260929000653-3ac8775c24ed/go.mod h1:8f3Tefpoe53jHXZKob/J51eFOnlr5He+vL6OdE7pimM=
github.com/alexgorbatchev/go-remarkable-cloud v0.0.0-20260929031041-89493833967e h1:6+DsXZkc60DTuUGC1DxmD0x9+VIkoW83A0GKGO6dNdU=
github.com/alexgorbatchev/go-remarkable-cloud v0.0.0-20260929031041-89493833967e/go.mod h1:8f3Tefpoe53jHXZKob/J51eFOnlr5He+vL6OdE7pimM=
github.com/alexgorbatchev/go-remarkable-cloud v0.0.0-20260929051710-1b2ef1bbbf89 h1:kRI6KwWyrpa23V5L3PPi5nzZFPwyhGiD1AZzWSvU8XQ=
github.com/alexgorbatchev/go-remarkable-cloud v0.0.0-20260929051710-1b2ef1bbbf89/go.mod h1:8f3Tefpoe53jHXZKob/J51eFOnlr5He+vL6OdE7pimM=
github.com/alexgorbatchev/go-remarkable-cloud v0.0.0-20260929141529-64ba9d0bf96c h1:GCd4dS7322ZRr0O0B4B2tm2ZTMFlElC9MiLmUqJs2ZM=
github.com/alexgorbatchev/go-remarkable-cloud v0.0.0-20260929141529-64ba9d0bf96c/go.mod h1:8f3Tefpoe53jHXZKob/J51eFOnlr5He+vL6OdE7pimM=
github.com/alexgorbatchev/go-remarkable-render v0.0.0-20260929001736-816678e0992b h1:JIofAfdlfVi1OFYYVysaiO8raFMXnmvafy5OQMGXH2A=
github.com/alexgorbatchev/go-remarkable-render v0.0.0-20260929001736-816678e0992b/go.mod h1:YMD5rWuJ6wSsvfroTmjI1Kbc56iCusFJM6W3rwnxBlQ=
github.com/alexgorbatchev/go-remarkable-render v0.0.0-20260929142202-deb29c2b63e0 h1:luWXJ8v/1Ntu8TG6MgTSDWZ/mSY0wOAL+sPQaEkNBLY=
github.com/alexgorbatchev/go-remarkable-render v0.0.0-20260929142202-deb29c2b63e0/go.mod h1:+yzy7aJ7JUHdikXF+HGgK5ymd5MNH3x2Tm3r1Y2dLaE=
github.com/alexgorbatchev/go-remarkable-render v0.0.0-20260929164220-8840f6e9fb40 h1:gfUK1EX+wOYboVkKgunXQ7DoueGBIeykqXQgBRIu7u0=
github.com/alexgorbatchev/go-remarkable-render v0.0.0-20260929164220-8840f6e9fb40/go.mod h1:wyQnOwVNK379tXQbuUpdRcZDaVVm7SXwNPv94is8U8E=
github.com/alexgorbatchev/go-remarkable-render v0.0.0-20260929200408-f94fc8a0f398 h1:DEHTNCt9KFvnBX1+dOJRuVV1xhfzMahWrQtONmOgciU=
github.com/alexgorbatchev/go-remarkable-render v0.0.0-20260929200408-f94fc8a0f398/go.mod h1:QVlsZ6fbjHpx1VLhCP4C7fZ3SsdyyYQ+e3P6TP9ZzmI=
github.com/alexgorbatchev/go-rmscene v0.0.0-20260929000558-a1b13482ab8f h1:38Qzn33wAvGKqM9i+ShLixdq2KdxlV+uQKytieT16wE=
github.com/alexgorbatchev/go-rmscene v0.0.0-20260929000558-a1b13482ab8f/go.mod h1:1e7dL2+AtBl5LjzFqAAIdDYUpO7n2xnYj1c9Ieai/xA=
github.com/alexgorbatchev/go-rmscene v0.0.0-20260929142131-a84de5190745 h1:R9tE0sT7Rl5nO+eTI030uh+BlRiP7OwKfpUr0nihiiY=
github.com/alexgorbatchev/go-rmscene v0.0.0-20260929142131-a84de5190745/go.mod h1:1e7dL2+AtBl5LjzFqAAIdDYUpO7n2xnYj1c9Ieai/xA=
github.com/alexgorbatchev/go-rmscene v0.0.0-20260929164147-03ef03e1e1ac h1:vhjFtACPpXod5PuLi6RmMrXXLI1yqgIwZ3GkLG6Ol9E=
github.com/alexgorbatchev/go-rmscene v0.0.0-20260929164147-03ef03e1e1ac/go.mod h1:1e7dL2+AtBl5LjzFqAAIdDYUpO7n2xnYj1c9Ieai/xA=
github.com/cpuguy83/go-md2man/v2 v2.0.6/go.mod h1:oOW0eioCTA6cOiMLiUPZOpcVxMig6NIQQ7OS05n1F4g=
github.com/ebitengine/purego v0.10.1 h1:dewVBCBT2GaMu1SrNTYxQhgQBethzfhiwvZiLGP/qyY=
github.com/ebitengine/purego v0.10.1/go.mod h1:iIjxzd6CiRiOG0UyXP+V1+jWqUXVjPKLAI0mRfJZTmQ=
github.com/gen2brain/go-fitz v1.28.2 h1:845G85N5TUgnq5oDqyYrW0JvehAkeo35UkkK2dJtW1M=
github.com/gen2brain/go-fitz v1.28.2/go.mod h1:pY2hqAjp9Zy7qfPI2gwbJMHBFAdZpVXOLrRxD82l3Bs=
github.com/inconshreveable/mousetrap v1.1.0 h1:wN+x4NVGpMsO7ErUn/mUI3vEoE6Jt13X2s0bqwp9tc8=
github.com/inconshreveable/mousetrap v1.1.0/go.mod h1:vpF70FUmC8bwa3OWnCshd2FqLfsEA9PFc4w1p2J65bw=
github.com/kanrichan/resvg-go v0.0.1 h1:qXt/ffAcybitiGxELLm40SQ58IW137Fv8WbN/kaooHY=
github.com/kanrichan/resvg-go v0.0.1/go.mod h1:8duvQiA+s19COisrVUOxxjqNBUvB5y1OUs6P1ujarO0=
github.com/russross/blackfriday/v2 v2.1.0/go.mod h1:+Rmxgy9KzJVeS9/2gXHxylqXiyQDYRxCVz55jmeOWTM=
github.com/spf13/cobra v1.10.2 h1:DMTTonx5m65Ic0GOoRY2c16WCbHxOOw6xxezuLaBpcU=
github.com/spf13/cobra v1.10.2/go.mod h1:7C1pvHqHw5A4vrJfjNwvOdzYu0Gml16OCs2GRiTUUS4=
github.com/spf13/pflag v1.0.9 h1:9exaQaMOCwffKiiiYk6/BndUBv+iRViNW+4lEMi0PvY=
github.com/spf13/pflag v1.0.9/go.mod h1:McXfInJRrz4CZXVZOBLb0bTZqETkiAhM9Iw0y3An2Bg=
github.com/srwiley/oksvg v0.0.0-20221011165216-be6e8873101c h1:km8GpoQut05eY3GiYWEedbTT0qnSxrCjsVbb7yKY1KE=
github.com/srwiley/oksvg v0.0.0-20221011165216-be6e8873101c/go.mod h1:cNQ3dwVJtS5Hmnjxy6AgTPd0Inb3pW05ftPSX7NZO7Q=
github.com/srwiley/rasterx v0.0.0-20220730225603-2ab79fcdd4ef h1:Ch6Q+AZUxDBCVqdkI8FSpFyZDtCVBc2VmejdNrm5rRQ=
github.com/srwiley/rasterx v0.0.0-20220730225603-2ab79fcdd4ef/go.mod h1:nXTWP6+gD5+LUJ8krVhhoeHjvHTutPxMYl5SvkcnJNE=
github.com/tetratelabs/wazero v1.4.0 h1:9/MirYvmkJ/zSUOygKY/ia3t+e+RqIZXKbylIby1WYk=
github.com/tetratelabs/wazero v1.4.0/go.mod h1:0U0G41+ochRKoPKCJlh0jMg1CHkyfK8kDqiirMmKY8A=
go.yaml.in/yaml/v3 v3.0.4/go.mod h1:DhzuOOF2ATzADvBadXxruRBLzYTpT36CKvDb3+aBEFg=
golang.org/x/image v0.0.0-20211028202545-6944b10bf410 h1:hTftEOvwiOq2+O8k2D5/Q7COC7k5Qcrgc2TFURJYnvQ=
golang.org/x/image v0.0.0-20211028202545-6944b10bf410/go.mod h1:023OzeP/+EPmXeapQh35lcL3II3LrY8Ic+EFFKVhULM=
golang.org/x/net v0.0.0-20211118161319-6a13c67c3ce4 h1:DZshvxDdVoeKIbudAdFEKi+f70l51luSy/7b76ibTY0=
golang.org/x/net v0.0.0-20211118161319-6a13c67c3ce4/go.mod h1:9nx3DQGgdP8bBQD5qxJ1jj9UTztislL4KSBs9R2vV5Y=
golang.org/x/sys v0.47.0 h1:o7XGOvZQCADBQQ4Y7VNq2dRWQR7JmOUW8Kxx4ZsNgWs=
golang.org/x/sys v0.47.0/go.mod h1:4GL1E5IUh+htKOUEOaiffhrAeqysfVGipDYzABqnCmw=
golang.org/x/term v0.45.0 h1:NwWyBmoJCbfTHpxrWoZ9C6/VxOf7ic219I8xZZFdrf0=
golang.org/x/term v0.45.0/go.mod h1:9aqxs0blBcrm/n0L9QW0aRVD+ktan8ssZromtqJC43w=
golang.org/x/text v0.3.6 h1:aRYxNxv6iGQlyVaZmk6ZgYEDa+Jg18DxebPSrd6bg1M=
golang.org/x/text v0.3.6/go.mod h1:5Zoc/QRtKVWzQhOtBMvqHzDpF6irO9z98xDceosuGiQ=
golang.org/x/tools v0.0.0-20180917221912-90fa682c2a6e/go.mod h1:n7NCudcB/nEzxVGmLbDWY5pfWTLqBcC2KZ6jyYvM4mQ=
gopkg.in/check.v1 v0.0.0-20161208181325-20d25e280405/go.mod h1:Co6ibVJAznAaIkqp8huTwlJQCZ016jof/cbN4VW5Yz0=
